
Microsoft Visual Studio Solution File, Format Version 12.00
# Visual Studio Version 16
VisualStudioVersion = 16.0.30204.135
MinimumVisualStudioVersion = 10.0.40219.1
Project("{FAE04EC0-301F-11D3-BF4B-00C04F79EFBC}") = "hesap_mak_csharp", "hesap_mak_csharp\hesap_mak_csharp.csproj", "{4268F4B2-A44F-43AF-9D39-5EC954E41292}"
EndProject
Global
	GlobalSection(SolutionConfigurationPlatforms) = preSolution
		Debug|Any CPU = Debug|Any CPU
		Release|Any CPU = Release|Any CPU
	EndGlobalSection
	GlobalSection(ProjectConfigurationPlatforms) = postSolution
		{4268F4B2-A44F-43AF-9D39-5EC954E41292}.Debug|Any CPU.ActiveCfg = Debug|Any CPU
		{4268F4B2-A44F-43AF-9D39-5EC954E41292}.Debug|Any CPU.Build.0 = Debug|Any CPU
		{4268F4B2-A44F-43AF-9D39-5EC954E41292}.Release|Any CPU.ActiveCfg = Release|Any CPU
		{4268F4B2-A44F-43AF-9D39-5EC954E41292}.Release|Any CPU.Build.0 = Release|Any CPU
	EndGlobalSection
	GlobalSection(SolutionProperties) = preSolution
		HideSolutionNode = FALSE
	EndGlobalSection
	GlobalSection(ExtensibilityGlobals) = postSolution
		SolutionGuid = {B1E248A0-D64F-4CF4-9764-64AC8121E815}
	EndGlobalSection
EndGlobal
